
Microsoft Visual Studio Solution File, Format Version 12.00
# Visual Studio Version 16
VisualStudioVersion = 16.0.31205.134
MinimumVisualStudioVersion = 10.0.40219.1
Project("{FAE04EC0-301F-11D3-BF4B-00C04F79EFBC}") = "FileGenerator", "FileGenerator.csproj", "{80BF4CE2-1081-48F9-954F-080433F107C6}"
EndProject
Global
	GlobalSection(SolutionConfigurationPlatforms) = preSolution
		Debug|Any CPU = Debug|Any CPU
		Release|Any CPU = Release|Any CPU
	EndGlobalSection
	GlobalSection(ProjectConfigurationPlatforms) = postSolution
		{80BF4CE2-1081-48F9-954F-080433F107C6}.Debug|Any CPU.ActiveCfg = Debug|Any CPU
		{80BF4CE2-1081-48F9-954F-080433F107C6}.Debug|Any CPU.Build.0 = Debug|Any CPU
		{80BF4CE2-1081-48F9-954F-080433F107C6}.Release|Any CPU.ActiveCfg = Release|Any CPU
		{80BF4CE2-1081-48F9-954F-080433F107C6}.Release|Any CPU.Build.0 = Release|Any CPU
	EndGlobalSection
	GlobalSection(SolutionProperties) = preSolution
		HideSolutionNode = FALSE
	EndGlobalSection
	GlobalSection(ExtensibilityGlobals) = postSolution
		SolutionGuid = {82182C9D-EEA1-4251-8E30-EB8982700054}
	EndGlobalSection
EndGlobal
